
Microsoft Visual Studio Solution File, Format Version 12.00
# Visual Studio 15
VisualStudioVersion = 15.0.26403.3
MinimumVisualStudioVersion = 10.0.40219.1
Project("{FAE04EC0-301F-11D3-BF4B-00C04F79EFBC}") = "Dexiom.Serialization", "Dexiom.Serialization\Dexiom.Serialization.csproj", "{80890686-81F1-4B32-8481-E28CC83BFDED}"
EndProject
Project("{FAE04EC0-301F-11D3-BF4B-00C04F79EFBC}") = "Dexiom.SerializationTests", "Dexiom.SerializationTests\Dexiom.SerializationTests.csproj", "{5DF20F40-F8FF-4CB9-AA54-6B6A8D0D09EB}"
EndProject
Global
	GlobalSection(SolutionConfigurationPlatforms) = preSolution
		Debug|Any CPU = Debug|Any CPU
		Release|Any CPU = Release|Any CPU
	EndGlobalSection
	GlobalSection(ProjectConfigurationPlatforms) = postSolution
		{80890686-81F1-4B32-8481-E28CC83BFDED}.Debug|Any CPU.ActiveCfg = Debug|Any CPU
		{80890686-81F1-4B32-8481-E28CC83BFDED}.Debug|Any CPU.Build.0 = Debug|Any CPU
		{80890686-81F1-4B32-8481-E28CC83BFDED}.Release|Any CPU.ActiveCfg = Release|Any CPU
		{80890686-81F1-4B32-8481-E28CC83BFDED}.Release|Any CPU.Build.0 = Release|Any CPU
		{5DF20F40-F8FF-4CB9-AA54-6B6A8D0D09EB}.Debug|Any CPU.ActiveCfg = Debug|Any CPU
		{5DF20F40-F8FF-4CB9-AA54-6B6A8D0D09EB}.Debug|Any CPU.Build.0 = Debug|Any CPU
		{5DF20F40-F8FF-4CB9-AA54-6B6A8D0D09EB}.Release|Any CPU.ActiveCfg = Release|Any CPU
		{5DF20F40-F8FF-4CB9-AA54-6B6A8D0D09EB}.Release|Any CPU.Build.0 = Release|Any CPU
	EndGlobalSection
	GlobalSection(SolutionProperties) = preSolution
		HideSolutionNode = FALSE
	EndGlobalSection
EndGlobal
